
Microsoft Visual Studio Solution File, Format Version 12.00
Project("{FAE04EC0-301F-11D3-BF4B-00C04F79EFBC}") = "SlaveWorkColab.Api", "SlaveWorkColab.Api\SlaveWorkColab.Api.csproj", "{C3699F1E-9CE4-468A-9C1B-E20C282FDFE8}"
EndProject
Project("{FAE04EC0-301F-11D3-BF4B-00C04F79EFBC}") = "SlaveWorkColab.Tests", "SlaveWorkColab.Tests\SlaveWorkColab.Tests.csproj", "{961C9AAB-5A7A-4BF4-ACC8-2DECD8E4B2C1}"
EndProject
Project("{FAE04EC0-301F-11D3-BF4B-00C04F79EFBC}") = "SlaveWorkColab.Core", "SlaveWorkColab.Core\SlaveWorkColab.Core.csproj", "{43ABB460-ED7A-463D-A86E-E10E6E265C86}"
EndProject
Project("{FAE04EC0-301F-11D3-BF4B-00C04F79EFBC}") = "SlaveWorkColab.WebSite", "SlaveWorkColab.WebSite\SlaveWorkColab.WebSite.csproj", "{238F80D4-4C39-4CB2-B3D7-38234B067F5E}"
EndProject
Global
	GlobalSection(SolutionConfigurationPlatforms) = preSolution
		Debug|Any CPU = Debug|Any CPU
		Release|Any CPU = Release|Any CPU
	EndGlobalSection
	GlobalSection(ProjectConfigurationPlatforms) = postSolution
		{C3699F1E-9CE4-468A-9C1B-E20C282FDFE8}.Debug|Any CPU.ActiveCfg = Debug|Any CPU
		{C3699F1E-9CE4-468A-9C1B-E20C282FDFE8}.Debug|Any CPU.Build.0 = Debug|Any CPU
		{C3699F1E-9CE4-468A-9C1B-E20C282FDFE8}.Release|Any CPU.ActiveCfg = Release|Any CPU
		{C3699F1E-9CE4-468A-9C1B-E20C282FDFE8}.Release|Any CPU.Build.0 = Release|Any CPU
		{961C9AAB-5A7A-4BF4-ACC8-2DECD8E4B2C1}.Debug|Any CPU.ActiveCfg = Debug|Any CPU
		{961C9AAB-5A7A-4BF4-ACC8-2DECD8E4B2C1}.Debug|Any CPU.Build.0 = Debug|Any CPU
		{961C9AAB-5A7A-4BF4-ACC8-2DECD8E4B2C1}.Release|Any CPU.ActiveCfg = Release|Any CPU
		{961C9AAB-5A7A-4BF4-ACC8-2DECD8E4B2C1}.Release|Any CPU.Build.0 = Release|Any CPU
		{43ABB460-ED7A-463D-A86E-E10E6E265C86}.Debug|Any CPU.ActiveCfg = Debug|Any CPU
		{43ABB460-ED7A-463D-A86E-E10E6E265C86}.Debug|Any CPU.Build.0 = Debug|Any CPU
		{43ABB460-ED7A-463D-A86E-E10E6E265C86}.Release|Any CPU.ActiveCfg = Release|Any CPU
		{43ABB460-ED7A-463D-A86E-E10E6E265C86}.Release|Any CPU.Build.0 = Release|Any CPU
		{238F80D4-4C39-4CB2-B3D7-38234B067F5E}.Debug|Any CPU.ActiveCfg = Debug|Any CPU
		{238F80D4-4C39-4CB2-B3D7-38234B067F5E}.Debug|Any CPU.Build.0 = Debug|Any CPU
		{238F80D4-4C39-4CB2-B3D7-38234B067F5E}.Release|Any CPU.ActiveCfg = Release|Any CPU
		{238F80D4-4C39-4CB2-B3D7-38234B067F5E}.Release|Any CPU.Build.0 = Release|Any CPU
	EndGlobalSection
EndGlobal
